# THIS IS AN AUTOGENERATED FILE. DO NOT EDIT THIS FILE DIRECTLY.
# yarn lockfile v1


"@types/node@8.0.33":
  version "8.0.33"
  resolved "https://registry.yarnpkg.com/@types/node/-/node-8.0.33.tgz#1126e94374014e54478092830704f6ea89df04cd"

vscode-extension-telemetry@0.4.0:
  version "0.4.0"
  resolved "https://registry.yarnpkg.com/vscode-extension-telemetry/-/vscode-extension-telemetry-0.4.0.tgz#5dd434d2f07460497ce2cd40d2e3416090867d8b"
  integrity sha512-9/vCfLuEWlDPqtgPo4jXUJsOCyjbVD72fSXsXY1TpJ4htiTAUoBa7fDAi7hxHOLDvIQI3BMFUlOxsV5jILq2ig==

vscode-nls@^3.1.2:
  version "3.1.2"
  resolved "https://registry.yarnpkg.com/vscode-nls/-/vscode-nls-3.1.2.tgz#c1b63f4338ac49c852267633dd99717916424a74"
