# THIS IS AN AUTOGENERATED FILE. DO NOT EDIT THIS FILE DIRECTLY.
# yarn lockfile v1


"@microsoft/1ds-core-js@4.3.4", "@microsoft/1ds-core-js@^4.3.4":
  version "4.3.4"
  resolved "https://registry.yarnpkg.com/@microsoft/1ds-core-js/-/1ds-core-js-4.3.4.tgz#836cf13f0acd6deeada8414137fc89e7b46c5fc8"
  integrity sha512-3gbDUQgAO8EoyQTNcAEkxpuPnioC0May13P1l1l0NKZ128L9Ts/sj8QsfwCRTjHz0HThlA+4FptcAJXNYUy3rg==
  dependencies:
    "@microsoft/applicationinsights-core-js" "3.3.4"
    "@microsoft/applicationinsights-shims" "3.0.1"
    "@microsoft/dynamicproto-js" "^2.0.3"
    "@nevware21/ts-async" ">= 0.5.2 < 2.x"
    "@nevware21/ts-utils" ">= 0.11.3 < 2.x"

"@microsoft/1ds-post-js@^4.3.4":
  version "4.3.4"
  resolved "https://registry.yarnpkg.com/@microsoft/1ds-post-js/-/1ds-post-js-4.3.4.tgz#e4ed1c3691c7b2dd33f8dd78bed97303a9bc550c"
  integrity sha512-nlKjWricDj0Tn68Dt0P8lX9a+X7LYrqJ6/iSfQwMfDhRIGLqW+wxx8gxS+iGWC/oc8zMQAeiZaemUpCwQcwpRQ==
  dependencies:
    "@microsoft/1ds-core-js" "4.3.4"
    "@microsoft/applicationinsights-shims" "3.0.1"
    "@microsoft/dynamicproto-js" "^2.0.3"
    "@nevware21/ts-async" ">= 0.5.2 < 2.x"
    "@nevware21/ts-utils" ">= 0.11.3 < 2.x"

"@microsoft/applicationinsights-channel-js@3.3.4":
  version "3.3.4"
  resolved "https://registry.yarnpkg.com/@microsoft/applicationinsights-channel-js/-/applicationinsights-channel-js-3.3.4.tgz#142f74932d3848e11237ff1c4f484c0ad3da4a15"
  integrity sha512-Z4nrxYwGKP9iyrYtm7iPQXVOFy4FsEsX0nDKkAi96Qpgw+vEh6NH4ORxMMuES0EollBQ3faJyvYCwckuCVIj0g==
  dependencies:
    "@microsoft/applicationinsights-common" "3.3.4"
    "@microsoft/applicationinsights-core-js" "3.3.4"
    "@microsoft/applicationinsights-shims" "3.0.1"
    "@microsoft/dynamicproto-js" "^2.0.3"
    "@nevware21/ts-async" ">= 0.5.2 < 2.x"
    "@nevware21/ts-utils" ">= 0.11.3 < 2.x"

"@microsoft/applicationinsights-common@3.3.4":
  version "3.3.4"
  resolved "https://registry.yarnpkg.com/@microsoft/applicationinsights-common/-/applicationinsights-common-3.3.4.tgz#4934dba60e6cc4cda04c69804215d5b7707059b9"
  integrity sha512-4ms16MlIvcP4WiUPqopifNxcWCcrXQJ2ADAK/75uok2mNQe6ZNRsqb/P+pvhUxc8A5HRlvoXPP1ptDSN5Girgw==
  dependencies:
    "@microsoft/applicationinsights-core-js" "3.3.4"
    "@microsoft/applicationinsights-shims" "3.0.1"
    "@microsoft/dynamicproto-js" "^2.0.3"
    "@nevware21/ts-utils" ">= 0.11.3 < 2.x"

"@microsoft/applicationinsights-core-js@3.3.4":
  version "3.3.4"
  resolved "https://registry.yarnpkg.com/@microsoft/applicationinsights-core-js/-/applicationinsights-core-js-3.3.4.tgz#af9c2b53086478a0539ff0b46a9f68199f919ac2"
  integrity sha512-MummANF0mgKIkdvVvfmHQTBliK114IZLRhTL0X0Ep+zjDwWMHqYZgew0nlFKAl6ggu42abPZFK5afpE7qjtYJA==
  dependencies:
    "@microsoft/applicationinsights-shims" "3.0.1"
    "@microsoft/dynamicproto-js" "^2.0.3"
    "@nevware21/ts-async" ">= 0.5.2 < 2.x"
    "@nevware21/ts-utils" ">= 0.11.3 < 2.x"

"@microsoft/applicationinsights-shims@3.0.1":
  version "3.0.1"
  resolved "https://registry.yarnpkg.com/@microsoft/applicationinsights-shims/-/applicationinsights-shims-3.0.1.tgz#3865b73ace8405b9c4618cc5c571f2fe3876f06f"
  integrity sha512-DKwboF47H1nb33rSUfjqI6ryX29v+2QWcTrRvcQDA32AZr5Ilkr7whOOSsD1aBzwqX0RJEIP1Z81jfE3NBm/Lg==
  dependencies:
    "@nevware21/ts-utils" ">= 0.9.4 < 2.x"

"@microsoft/applicationinsights-web-basic@^3.3.4":
  version "3.3.4"
  resolved "https://registry.yarnpkg.com/@microsoft/applicationinsights-web-basic/-/applicationinsights-web-basic-3.3.4.tgz#9362b64ad56bcfb53a80f7222d89193b0ab8fb6b"
  integrity sha512-OpEPXr8vU/t/M8T9jvWJzJx/pCyygIiR1nGM/2PTde0wn7anl71Gxl5fWol7K/WwFEORNjkL3CEyWOyDc+28AA==
  dependencies:
    "@microsoft/applicationinsights-channel-js" "3.3.4"
    "@microsoft/applicationinsights-common" "3.3.4"
    "@microsoft/applicationinsights-core-js" "3.3.4"
    "@microsoft/applicationinsights-shims" "3.0.1"
    "@microsoft/dynamicproto-js" "^2.0.3"
    "@nevware21/ts-async" ">= 0.5.2 < 2.x"
    "@nevware21/ts-utils" ">= 0.11.3 < 2.x"

"@microsoft/dynamicproto-js@^2.0.3":
  version "2.0.3"
  resolved "https://registry.yarnpkg.com/@microsoft/dynamicproto-js/-/dynamicproto-js-2.0.3.tgz#ae2b408061e3ff01a97078429fc768331e239256"
  integrity sha512-JTWTU80rMy3mdxOjjpaiDQsTLZ6YSGGqsjURsY6AUQtIj0udlF/jYmhdLZu8693ZIC0T1IwYnFa0+QeiMnziBA==
  dependencies:
    "@nevware21/ts-utils" ">= 0.10.4 < 2.x"

"@nevware21/ts-async@>= 0.5.2 < 2.x":
  version "0.5.4"
  resolved "https://registry.yarnpkg.com/@nevware21/ts-async/-/ts-async-0.5.4.tgz#52f8449dd0b3b16aa317a18b4662f6fb13a135f1"
  integrity sha512-IBTyj29GwGlxfzXw2NPnzty+w0Adx61Eze1/lknH/XIVdxtF9UnOpk76tnrHXWa6j84a1RR9hsOcHQPFv9qJjA==
  dependencies:
    "@nevware21/ts-utils" ">= 0.11.6 < 2.x"

"@nevware21/ts-utils@>= 0.10.4 < 2.x", "@nevware21/ts-utils@>= 0.11.3 < 2.x", "@nevware21/ts-utils@>= 0.11.6 < 2.x":
  version "0.11.6"
  resolved "https://registry.yarnpkg.com/@nevware21/ts-utils/-/ts-utils-0.11.6.tgz#49f43d0c488fcf127ef4bdd1356637092ed0c7e2"
  integrity sha512-OUUJTh3fnaUSzg9DEHgv3d7jC+DnPL65mIO7RaR+jWve7+MmcgIvF79gY97DPQ4frH+IpNR78YAYd/dW4gK3kg==

"@nevware21/ts-utils@>= 0.9.4 < 2.x":
  version "0.10.1"
  resolved "https://registry.yarnpkg.com/@nevware21/ts-utils/-/ts-utils-0.10.1.tgz#aa65abc71eba06749a396598f22263d26f796ac7"
  integrity sha512-pMny25NnF2/MJwdqC3Iyjm2pGIXNxni4AROpcqDeWa+td9JMUY4bUS9uU9XW+BoBRqTLUL+WURF9SOd/6OQzRg==

"@types/node@18.x":
  version "18.15.13"
  resolved "https://registry.yarnpkg.com/@types/node/-/node-18.15.13.tgz#f64277c341150c979e42b00e4ac289290c9df469"
  integrity sha512-N+0kuo9KgrUQ1Sn/ifDXsvg0TTleP7rIy4zOBGECxAljqvqfqpTfzx0Q1NUedOixRMBfe2Whhb056a42cWs26Q==

"@vscode/extension-telemetry@^0.9.8":
  version "0.9.8"
  resolved "https://registry.yarnpkg.com/@vscode/extension-telemetry/-/extension-telemetry-0.9.8.tgz#109a9db5e09d5b05f9403a3fef60d5963b668fc3"
  integrity sha512-7YcKoUvmHlIB8QYCE4FNzt3ErHi9gQPhdCM3ZWtpw1bxPT0I+lMdx52KHlzTNoJzQ2NvMX7HyzyDwBEiMgTrWQ==
  dependencies:
    "@microsoft/1ds-core-js" "^4.3.4"
    "@microsoft/1ds-post-js" "^4.3.4"
    "@microsoft/applicationinsights-web-basic" "^3.3.4"
