# THIS IS AN AUTOGENERATED FILE. DO NOT EDIT THIS FILE DIRECTLY.
# yarn lockfile v1


"@microsoft/1ds-core-js@4.2.0", "@microsoft/1ds-core-js@^4.1.2":
  version "4.2.0"
  resolved "https://registry.yarnpkg.com/@microsoft/1ds-core-js/-/1ds-core-js-4.2.0.tgz#add3790336814be6a128512748c51c73199eae51"
  integrity sha512-DUXl6pnEJSZzbHG4XYbSO3IMFi/2tqAFs02vSAG+nGjlufKDirM1QxFOre9t2OUZ4bpLDkExo3Yi/aHIG5D+xQ==
  dependencies:
    "@microsoft/applicationinsights-core-js" "3.2.0"
    "@microsoft/applicationinsights-shims" "3.0.1"
    "@microsoft/dynamicproto-js" "^2.0.3"
    "@nevware21/ts-async" ">= 0.5.1 < 2.x"
    "@nevware21/ts-utils" ">= 0.11.1 < 2.x"

"@microsoft/1ds-post-js@^4.1.2":
  version "4.2.0"
  resolved "https://registry.yarnpkg.com/@microsoft/1ds-post-js/-/1ds-post-js-4.2.0.tgz#1d9b580675e24e8ce9adbc81c3d9ae4a0821680e"
  integrity sha512-hvE2XDK22/iyOLaHTy8+KphSjFBj4D0qfTKnBU3GObWV40w89VVaSdcl53u8pCEdXlx2xbx2r9EszZLPiuPhvg==
  dependencies:
    "@microsoft/1ds-core-js" "4.2.0"
    "@microsoft/applicationinsights-shims" "3.0.1"
    "@microsoft/dynamicproto-js" "^2.0.3"
    "@nevware21/ts-async" ">= 0.5.1 < 2.x"
    "@nevware21/ts-utils" ">= 0.11.1 < 2.x"

"@microsoft/applicationinsights-channel-js@3.2.0":
  version "3.2.0"
  resolved "https://registry.yarnpkg.com/@microsoft/applicationinsights-channel-js/-/applicationinsights-channel-js-3.2.0.tgz#4939fa86dcffb18e472b2d9b12dfd5a2efb24dce"
  integrity sha512-mNIRZMSrrzigOzSbKflhTndFE/E0IMM07fKDop6ca0Ko6ejWINTlhLVhzjZPYDwoFbPKco+RX+B2NxFC6Fh+1w==
  dependencies:
    "@microsoft/applicationinsights-common" "3.2.0"
    "@microsoft/applicationinsights-core-js" "3.2.0"
    "@microsoft/applicationinsights-shims" "3.0.1"
    "@microsoft/dynamicproto-js" "^2.0.3"
    "@nevware21/ts-async" ">= 0.5.1 < 2.x"
    "@nevware21/ts-utils" ">= 0.11.1 < 2.x"

"@microsoft/applicationinsights-common@3.2.0":
  version "3.2.0"
  resolved "https://registry.yarnpkg.com/@microsoft/applicationinsights-common/-/applicationinsights-common-3.2.0.tgz#35c7f04fe85c03a1d0aff91350d1a3b90f6818e0"
  integrity sha512-oGTnmeAbl5ymHdbnDYg/GY6ZnJ712yBnCc+3pC9oolBfLxV0E0MsL6miiYDefsKmeZvv5r13FWoxxf6PGAv0Cw==
  dependencies:
    "@microsoft/applicationinsights-core-js" "3.2.0"
    "@microsoft/applicationinsights-shims" "3.0.1"
    "@microsoft/dynamicproto-js" "^2.0.3"
    "@nevware21/ts-utils" ">= 0.11.1 < 2.x"

"@microsoft/applicationinsights-core-js@3.2.0":
  version "3.2.0"
  resolved "https://registry.yarnpkg.com/@microsoft/applicationinsights-core-js/-/applicationinsights-core-js-3.2.0.tgz#2d020674ff98ef65f4251d32c1a3edf87e92fdfd"
  integrity sha512-QSX0nDWl045k0xZAEpe0LkrAsNquL3bNN19g2ZrSxnP0e248CLa6XdYvdaXd9tphFTJjOcjsPWMFsQm4NmtkuA==
  dependencies:
    "@microsoft/applicationinsights-shims" "3.0.1"
    "@microsoft/dynamicproto-js" "^2.0.3"
    "@nevware21/ts-async" ">= 0.5.1 < 2.x"
    "@nevware21/ts-utils" ">= 0.11.1 < 2.x"

"@microsoft/applicationinsights-shims@3.0.1":
  version "3.0.1"
  resolved "https://registry.yarnpkg.com/@microsoft/applicationinsights-shims/-/applicationinsights-shims-3.0.1.tgz#3865b73ace8405b9c4618cc5c571f2fe3876f06f"
  integrity sha512-DKwboF47H1nb33rSUfjqI6ryX29v+2QWcTrRvcQDA32AZr5Ilkr7whOOSsD1aBzwqX0RJEIP1Z81jfE3NBm/Lg==
  dependencies:
    "@nevware21/ts-utils" ">= 0.9.4 < 2.x"

"@microsoft/applicationinsights-web-basic@^3.1.2":
  version "3.2.0"
  resolved "https://registry.yarnpkg.com/@microsoft/applicationinsights-web-basic/-/applicationinsights-web-basic-3.2.0.tgz#97a0c9d2bc047331ec0336044010235577fc627d"
  integrity sha512-WlUSzEcRTiiHMqFJRIhZT9wUMJGXyzPNEuAAB3xQiCmZghluvLDBKuVhVa2rDcOkWxVJKjmK/Dypr95BK8t8Ig==
  dependencies:
    "@microsoft/applicationinsights-channel-js" "3.2.0"
    "@microsoft/applicationinsights-common" "3.2.0"
    "@microsoft/applicationinsights-core-js" "3.2.0"
    "@microsoft/applicationinsights-shims" "3.0.1"
    "@microsoft/dynamicproto-js" "^2.0.3"
    "@nevware21/ts-async" ">= 0.5.1 < 2.x"
    "@nevware21/ts-utils" ">= 0.11.1 < 2.x"

"@microsoft/dynamicproto-js@^2.0.3":
  version "2.0.3"
  resolved "https://registry.yarnpkg.com/@microsoft/dynamicproto-js/-/dynamicproto-js-2.0.3.tgz#ae2b408061e3ff01a97078429fc768331e239256"
  integrity sha512-JTWTU80rMy3mdxOjjpaiDQsTLZ6YSGGqsjURsY6AUQtIj0udlF/jYmhdLZu8693ZIC0T1IwYnFa0+QeiMnziBA==
  dependencies:
    "@nevware21/ts-utils" ">= 0.10.4 < 2.x"

"@nevware21/ts-async@>= 0.5.1 < 2.x":
  version "0.5.1"
  resolved "https://registry.yarnpkg.com/@nevware21/ts-async/-/ts-async-0.5.1.tgz#3f55fa5222b0af5a5bb019f67092cdcd6a5f82e6"
  integrity sha512-O2kN8n2HpDWJ7Oji+oTMnhITrCndmrNvrHbGDwAIBydx+FWvLE/vrw4QwnRRMvSCa2AJrcP59Ryklxv30KfkWQ==
  dependencies:
    "@nevware21/ts-utils" ">= 0.11.2 < 2.x"

"@nevware21/ts-utils@>= 0.10.4 < 2.x", "@nevware21/ts-utils@>= 0.11.1 < 2.x", "@nevware21/ts-utils@>= 0.11.2 < 2.x":
  version "0.11.2"
  resolved "https://registry.yarnpkg.com/@nevware21/ts-utils/-/ts-utils-0.11.2.tgz#5836f338c091f47358298da1f77a67a88219a6a5"
  integrity sha512-80W8BkS09kkGuUHJX50Fqq+QqAslxUaOQytH+3JhRacXs1EpEt2JOOkYKytqFZAYir3SeH9fahniEaDzIBxlUw==

"@nevware21/ts-utils@>= 0.9.4 < 2.x":
  version "0.10.1"
  resolved "https://registry.yarnpkg.com/@nevware21/ts-utils/-/ts-utils-0.10.1.tgz#aa65abc71eba06749a396598f22263d26f796ac7"
  integrity sha512-pMny25NnF2/MJwdqC3Iyjm2pGIXNxni4AROpcqDeWa+td9JMUY4bUS9uU9XW+BoBRqTLUL+WURF9SOd/6OQzRg==

"@types/node@18.x":
  version "18.15.13"
  resolved "https://registry.yarnpkg.com/@types/node/-/node-18.15.13.tgz#f64277c341150c979e42b00e4ac289290c9df469"
  integrity sha512-N+0kuo9KgrUQ1Sn/ifDXsvg0TTleP7rIy4zOBGECxAljqvqfqpTfzx0Q1NUedOixRMBfe2Whhb056a42cWs26Q==

"@vscode/extension-telemetry@^0.9.6":
  version "0.9.6"
  resolved "https://registry.yarnpkg.com/@vscode/extension-telemetry/-/extension-telemetry-0.9.6.tgz#97041986ddae1ae80d3dec577e4ae107e8122f3f"
  integrity sha512-qWK2GNw+b69QRYpjuNM9g3JKToMICoNIdc0rQMtvb4gIG9vKKCZCVCz+ZOx6XM/YlfWAyuPiyxcjIY0xyF+Djg==
  dependencies:
    "@microsoft/1ds-core-js" "^4.1.2"
    "@microsoft/1ds-post-js" "^4.1.2"
    "@microsoft/applicationinsights-web-basic" "^3.1.2"
