# THIS IS AN AUTOGENERATED FILE. DO NOT EDIT THIS FILE DIRECTLY.
# yarn lockfile v1


"@microsoft/1ds-core-js@3.2.18", "@microsoft/1ds-core-js@^3.2.18":
  version "3.2.18"
  resolved "https://registry.yarnpkg.com/@microsoft/1ds-core-js/-/1ds-core-js-3.2.18.tgz#2be0dd31df0d9001a60b45eb263886fab145613b"
  integrity sha512-ytlFv3dfb8OGqvbZP8tSIlNvn3QNYxdsF0k6ikRMWSr6CmBxBi1sliaxc2Q5KuYOuaeWkd8WRm25Rx/UtHcyMg==
  dependencies:
    "@microsoft/applicationinsights-core-js" "2.8.18"
    "@microsoft/applicationinsights-shims" "^2.0.2"
    "@microsoft/dynamicproto-js" "^1.1.11"

"@microsoft/1ds-post-js@^3.2.18":
  version "3.2.18"
  resolved "https://registry.yarnpkg.com/@microsoft/1ds-post-js/-/1ds-post-js-3.2.18.tgz#efbb445f486d9f92e10ff30564a6c5060aa53909"
  integrity sha512-Tzjcja4SMyws3UP58kD2edFPNb7BJtx5uCgwf/PWXwDyfbUY1/crsTQdEyR98wy/vorvLDZdQlcL++VMChfYnQ==
  dependencies:
    "@microsoft/1ds-core-js" "3.2.18"
    "@microsoft/applicationinsights-shims" "^2.0.2"
    "@microsoft/dynamicproto-js" "^1.1.11"

"@microsoft/applicationinsights-core-js@2.8.18":
  version "2.8.18"
  resolved "https://registry.yarnpkg.com/@microsoft/applicationinsights-core-js/-/applicationinsights-core-js-2.8.18.tgz#b3ce9e834f4a09aceb82465e2410851461f5f68a"
  integrity sha512-yPHRZFLpnEO0uSgFPM1BLMRRwjoten9YBbn4pJRbCT4PigLnj748knmWsMwXIdcehtkRTYz78kPYa/LWP7nvmA==
  dependencies:
    "@microsoft/applicationinsights-shims" "2.0.2"
    "@microsoft/dynamicproto-js" "^1.1.11"

"@microsoft/applicationinsights-shims@2.0.2", "@microsoft/applicationinsights-shims@^2.0.2":
  version "2.0.2"
  resolved "https://registry.yarnpkg.com/@microsoft/applicationinsights-shims/-/applicationinsights-shims-2.0.2.tgz#92b36a09375e2d9cb2b4203383b05772be837085"
  integrity sha512-PoHEgsnmcqruLNHZ/amACqdJ6YYQpED0KSRe6J7gIJTtpZC1FfFU9b1fmDKDKtFoUSrPzEh1qzO3kmRZP0betg==

"@microsoft/dynamicproto-js@^1.1.11":
  version "1.1.11"
  resolved "https://registry.yarnpkg.com/@microsoft/dynamicproto-js/-/dynamicproto-js-1.1.11.tgz#c737e1a50db9453354729ddaeb2c3b16927ed92e"
  integrity sha512-gNw9z9LbqLV+WadZ6/MMrWwO3e0LuoUH1wve/1iPsBNbgqeVCiB0EZFNNj2lysxS2gkqoF9hmyVaG3MoM1BkxA==

"@vscode/iconv-lite-umd@0.7.0":
  version "0.7.0"
  resolved "https://registry.yarnpkg.com/@vscode/iconv-lite-umd/-/iconv-lite-umd-0.7.0.tgz#d2f1e0664ee6036408f9743fee264ea0699b0e48"
  integrity sha512-bRRFxLfg5dtAyl5XyiVWz/ZBPahpOpPrNYnnHpOpUZvam4tKH35wdhP4Kj6PbM0+KdliOsPzbGWpkxcdpNB/sg==

"@vscode/vscode-languagedetection@1.0.22":
  version "1.0.22"
  resolved "https://registry.yarnpkg.com/@vscode/vscode-languagedetection/-/vscode-languagedetection-1.0.22.tgz#92f4b74834167bdf27233efde7704430150ea75a"
  integrity sha512-rQ/BgMyLuIXSmbA0MSkIPHtcOw14QkeDbAq19sjvaS9LTRr905yij0S8lsyqN5JgOsbtIx7pAcyOxFMzPmqhZQ==

"@xterm/addon-canvas@0.7.0":
  version "0.7.0"
  resolved "https://registry.yarnpkg.com/@xterm/addon-canvas/-/addon-canvas-0.7.0.tgz#d3a3835f3634e0106e108661315ae14da23e8dd7"
  integrity sha512-LF5LYcfvefJuJ7QotNRdRSPc9YASAVDeoT5uyXS/nZshZXjYplGXRECBGiznwvhNL2I8bq1Lf5MzRwstsYQ2Iw==

"@xterm/addon-image@0.8.0":
  version "0.8.0"
  resolved "https://registry.yarnpkg.com/@xterm/addon-image/-/addon-image-0.8.0.tgz#459e13e91b42430043202782fa62319931b29eba"
  integrity sha512-b/dqpFn3jUad2pUP5UpF4scPIh0WdxRQL/1qyiahGfUI85XZTCXo0py9G6AcOR2QYUw8eJ8EowGspT7BQcgw6A==

"@xterm/addon-search@0.15.0":
  version "0.15.0"
  resolved "https://registry.yarnpkg.com/@xterm/addon-search/-/addon-search-0.15.0.tgz#5c772d5f14c26546c4bfbeb0c3d4b3333057411f"
  integrity sha512-ZBZKLQ+EuKE83CqCmSSz5y1tx+aNOCUaA7dm6emgOX+8J9H1FWXZyrKfzjwzV+V14TV3xToz1goIeRhXBS5qjg==

"@xterm/addon-serialize@0.13.0":
  version "0.13.0"
  resolved "https://registry.yarnpkg.com/@xterm/addon-serialize/-/addon-serialize-0.13.0.tgz#f6e687708cacae67c4fc717fad37b9d11065897b"
  integrity sha512-kGs8o6LWAmN1l2NpMp01/YkpxbmO4UrfWybeGu79Khw5K9+Krp7XhXbBTOTc3GJRRhd6EmILjpR8k5+odY39YQ==

"@xterm/addon-unicode11@0.8.0":
  version "0.8.0"
  resolved "https://registry.yarnpkg.com/@xterm/addon-unicode11/-/addon-unicode11-0.8.0.tgz#e3f2098154b292bd07c5e07a494a733b0a4c11ba"
  integrity sha512-LxinXu8SC4OmVa6FhgwsVCBZbr8WoSGzBl2+vqe8WcQ6hb1r6Gj9P99qTNdPiFPh4Ceiu2pC8xukZ6+2nnh49Q==

"@xterm/addon-webgl@0.18.0":
  version "0.18.0"
  resolved "https://registry.yarnpkg.com/@xterm/addon-webgl/-/addon-webgl-0.18.0.tgz#9e927cee10af971595fb2a72fd4c3bc2819f0096"
  integrity sha512-xCnfMBTI+/HKPdRnSOHaJDRqEpq2Ugy8LEj9GiY4J3zJObo3joylIFaMvzBwbYRg8zLtkO0KQaStCeSfoaI2/w==

"@xterm/xterm@5.5.0":
  version "5.5.0"
  resolved "https://registry.yarnpkg.com/@xterm/xterm/-/xterm-5.5.0.tgz#275fb8f6e14afa6e8a0c05d4ebc94523ff775396"
  integrity sha512-hqJHYaQb5OptNunnyAnkHyM8aCjZ1MEIDTQu1iIbbTD/xops91NB5yq1ZK/dC2JDbVWtF23zUtl9JE2NqwT87A==

jschardet@3.1.3:
  version "3.1.3"
  resolved "https://registry.yarnpkg.com/jschardet/-/jschardet-3.1.3.tgz#10c2289fdae91a0aa9de8bba9c59055fd78898d3"
  integrity sha512-Q1PKVMK/uu+yjdlobgWIYkUOCR1SqUmW9m/eUJNNj4zI2N12i25v8fYpVf+zCakQeaTdBdhnZTFbVIAVZIVVOg==

tas-client-umd@0.2.0:
  version "0.2.0"
  resolved "https://registry.yarnpkg.com/tas-client-umd/-/tas-client-umd-0.2.0.tgz#b71cc28f4c9b14f7b62f1ca4669886aa197e390c"
  integrity sha512-oezN7mJVm5qZDVEby7OzxCLKUpUN5of0rY4dvOWaDF2JZBlGpd3BXceFN8B53qlTaIkVSzP65aAMT0Vc+/N25Q==

vscode-oniguruma@1.7.0:
  version "1.7.0"
  resolved "https://registry.yarnpkg.com/vscode-oniguruma/-/vscode-oniguruma-1.7.0.tgz#439bfad8fe71abd7798338d1cd3dc53a8beea94b"
  integrity sha512-L9WMGRfrjOhgHSdOYgCt/yRMsXzLDJSL7BPrOZt73gU0iWO4mpqzqQzOz5srxqTvMBaR0XZTSrVWo4j55Rc6cA==

vscode-textmate@9.1.0:
  version "9.1.0"
  resolved "https://registry.yarnpkg.com/vscode-textmate/-/vscode-textmate-9.1.0.tgz#656a6aa163a9578397ba810733952bedb2b47202"
  integrity sha512-lxKSVp2DkFOx9RDAvpiYUrB9/KT1fAfi1aE8CBGstP8N7rLF+Seifj8kDA198X0mYj1CjQUC+81+nQf8CO0nVA==
