# THIS IS AN AUTOGENERATED FILE. DO NOT EDIT THIS FILE DIRECTLY.
# yarn lockfile v1


"@microsoft/applicationinsights-analytics-js@2.8.17":
  version "2.8.17"
  resolved "https://registry.yarnpkg.com/@microsoft/applicationinsights-analytics-js/-/applicationinsights-analytics-js-2.8.17.tgz#c15226469504e58653039b98fad41796fac55d30"
  integrity sha512-xuP5vdxPyvpGsbtH9yrm+g0NK8CH4mv1yHR2XRMvpUJ6xWDU0XONtg4tW99j/saE4+5wKk/8eB07jEtDfnYOJg==
  dependencies:
    "@microsoft/applicationinsights-common" "2.8.17"
    "@microsoft/applicationinsights-core-js" "2.8.17"
    "@microsoft/applicationinsights-shims" "2.0.2"
    "@microsoft/dynamicproto-js" "^1.1.11"

"@microsoft/applicationinsights-channel-js@2.8.17":
  version "2.8.17"
  resolved "https://registry.yarnpkg.com/@microsoft/applicationinsights-channel-js/-/applicationinsights-channel-js-2.8.17.tgz#f2af5191008d4145f809d80b6e3d72ab074602d4"
  integrity sha512-dYL8vR/1rLmncc16uukSMyZYzYpMhf9OPZypkUquZc01q5Afwwn4i6pJL72i2AoHQKOEir6wBbQbqHtQc/HQ7g==
  dependencies:
    "@microsoft/applicationinsights-common" "2.8.17"
    "@microsoft/applicationinsights-core-js" "2.8.17"
    "@microsoft/applicationinsights-shims" "2.0.2"
    "@microsoft/dynamicproto-js" "^1.1.11"

"@microsoft/applicationinsights-common@2.8.17":
  version "2.8.17"
  resolved "https://registry.yarnpkg.com/@microsoft/applicationinsights-common/-/applicationinsights-common-2.8.17.tgz#551ada3c928a93d668b798108d46d0d0df239617"
  integrity sha512-Q8W94oJuZvNWL6klUeEpXR5FFcwkyksQAfunBgRsIkpfFeoMw8Ac7DzY3HWFeQAYMq4hiifdiHxJ1YM/opbShA==
  dependencies:
    "@microsoft/applicationinsights-core-js" "2.8.17"
    "@microsoft/applicationinsights-shims" "2.0.2"
    "@microsoft/dynamicproto-js" "^1.1.11"

"@microsoft/applicationinsights-core-js@2.8.17":
  version "2.8.17"
  resolved "https://registry.yarnpkg.com/@microsoft/applicationinsights-core-js/-/applicationinsights-core-js-2.8.17.tgz#c6068ccd3d3057c909ca183c930178368b25f8ef"
  integrity sha512-v1UMRkV1dW1ezQqhIcMz4L7TyAvWi5vQ333uKO93UY+UmCZW8frYqmqgxV9uaJjs3IBgr0T7ddp4IkvOTjy1/w==
  dependencies:
    "@microsoft/applicationinsights-shims" "2.0.2"
    "@microsoft/dynamicproto-js" "^1.1.11"

"@microsoft/applicationinsights-dependencies-js@2.8.17":
  version "2.8.17"
  resolved "https://registry.yarnpkg.com/@microsoft/applicationinsights-dependencies-js/-/applicationinsights-dependencies-js-2.8.17.tgz#18a9c75bb1cbe959e0649d11be93892ad8dcc8f9"
  integrity sha512-0dZvWIZj3XC+ocDzFZqVPs4x8W0urw2p/XUdc0PgGY7FyQCNtOp2OoEi6BDSWipaRWQeOwB99Ch71RILl/OQEw==
  dependencies:
    "@microsoft/applicationinsights-common" "2.8.17"
    "@microsoft/applicationinsights-core-js" "2.8.17"
    "@microsoft/applicationinsights-shims" "2.0.2"
    "@microsoft/dynamicproto-js" "^1.1.11"

"@microsoft/applicationinsights-properties-js@2.8.17":
  version "2.8.17"
  resolved "https://registry.yarnpkg.com/@microsoft/applicationinsights-properties-js/-/applicationinsights-properties-js-2.8.17.tgz#a4222a8a0f228b1fd9c97652b7f293f1c95b167b"
  integrity sha512-TqOMdbVCcjOyMCwZwfOH1Z9ZHxeHRJ6JkAP1cdDtpX3H7e8j/ce+p3t0yFGmZGBVRhsgsZgEuV8npK7LYnryRA==
  dependencies:
    "@microsoft/applicationinsights-common" "2.8.17"
    "@microsoft/applicationinsights-core-js" "2.8.17"
    "@microsoft/applicationinsights-shims" "2.0.2"
    "@microsoft/dynamicproto-js" "^1.1.11"

"@microsoft/applicationinsights-shims@2.0.2":
  version "2.0.2"
  resolved "https://registry.yarnpkg.com/@microsoft/applicationinsights-shims/-/applicationinsights-shims-2.0.2.tgz#92b36a09375e2d9cb2b4203383b05772be837085"
  integrity sha512-PoHEgsnmcqruLNHZ/amACqdJ6YYQpED0KSRe6J7gIJTtpZC1FfFU9b1fmDKDKtFoUSrPzEh1qzO3kmRZP0betg==

"@microsoft/applicationinsights-web@^2.8.16":
  version "2.8.17"
  resolved "https://registry.yarnpkg.com/@microsoft/applicationinsights-web/-/applicationinsights-web-2.8.17.tgz#a522e0b6b90a0906ce1659f6bde633903911a7d1"
  integrity sha512-3JjQb5+3z9wnJS1SQDS2nyH3K6p2v/CsWxyY2etwG7CVEe/R9n0jpA4dcNYQoP7afoKR2TPBfARr17zNHBmlug==
  dependencies:
    "@microsoft/applicationinsights-analytics-js" "2.8.17"
    "@microsoft/applicationinsights-channel-js" "2.8.17"
    "@microsoft/applicationinsights-common" "2.8.17"
    "@microsoft/applicationinsights-core-js" "2.8.17"
    "@microsoft/applicationinsights-dependencies-js" "2.8.17"
    "@microsoft/applicationinsights-properties-js" "2.8.17"
    "@microsoft/applicationinsights-shims" "2.0.2"
    "@microsoft/dynamicproto-js" "^1.1.11"

"@microsoft/dynamicproto-js@^1.1.11":
  version "1.1.11"
  resolved "https://registry.yarnpkg.com/@microsoft/dynamicproto-js/-/dynamicproto-js-1.1.11.tgz#c737e1a50db9453354729ddaeb2c3b16927ed92e"
  integrity sha512-gNw9z9LbqLV+WadZ6/MMrWwO3e0LuoUH1wve/1iPsBNbgqeVCiB0EZFNNj2lysxS2gkqoF9hmyVaG3MoM1BkxA==

"@vscode/vscode-languagedetection@1.0.21":
  version "1.0.21"
  resolved "https://registry.yarnpkg.com/@vscode/vscode-languagedetection/-/vscode-languagedetection-1.0.21.tgz#89b48f293f6aa3341bb888c1118d16ff13b032d3"
  integrity sha512-zSUH9HYCw5qsCtd7b31yqkpaCU6jhtkKLkvOOA8yTrIRfBSOFb8PPhgmMicD7B/m+t4PwOJXzU1XDtrM9Fd3/g==

iconv-lite-umd@0.6.10:
  version "0.6.10"
  resolved "https://registry.yarnpkg.com/iconv-lite-umd/-/iconv-lite-umd-0.6.10.tgz#faec47521e095b8e3a7175ae08e1b4ae0359a735"
  integrity sha512-8NtgTa/m1jVq7vdywmD5+SqIlZsB59wtsjaylQuExyCojMq1tHVQxmHjeqVSYwKwnmQbH4mZ1Dxx1eqDkPgaqA==

jschardet@3.0.0:
  version "3.0.0"
  resolved "https://registry.yarnpkg.com/jschardet/-/jschardet-3.0.0.tgz#898d2332e45ebabbdb6bf2feece9feea9a99e882"
  integrity sha512-lJH6tJ77V8Nzd5QWRkFYCLc13a3vADkh3r/Fi8HupZGWk2OVVDfnZP8V/VgQgZ+lzW0kG2UGb5hFgt3V3ndotQ==

tas-client-umd@0.1.4:
  version "0.1.4"
  resolved "https://registry.yarnpkg.com/tas-client-umd/-/tas-client-umd-0.1.4.tgz#49db4130dd63a8342fabf77185a740fc6a7bea80"
  integrity sha512-1hFqJeLD3ryNikniIaO7TItlXhS5vx7bJ+wbPDf8o+IifgwwOWK2ARisdEM9SnJd0ccfcwNPG6Po+RiKn5L2hg==

vscode-oniguruma@1.6.1:
  version "1.6.1"
  resolved "https://registry.yarnpkg.com/vscode-oniguruma/-/vscode-oniguruma-1.6.1.tgz#2bf4dfcfe3dd2e56eb549a3068c8ee39e6c30ce5"
  integrity sha512-vc4WhSIaVpgJ0jJIejjYxPvURJavX6QG41vu0mGhqywMkQqulezEqEQ3cO3gc8GvcOpX6ycmKGqRoROEMBNXTQ==

vscode-textmate@6.0.0:
  version "6.0.0"
  resolved "https://registry.yarnpkg.com/vscode-textmate/-/vscode-textmate-6.0.0.tgz#a3777197235036814ac9a92451492f2748589210"
  integrity sha512-gu73tuZfJgu+mvCSy4UZwd2JXykjK9zAZsfmDeut5dx/1a7FeTk0XwJsSuqQn+cuMCGVbIBfl+s53X4T19DnzQ==

xterm-addon-search@0.9.0-beta.6:
  version "0.9.0-beta.6"
  resolved "https://registry.yarnpkg.com/xterm-addon-search/-/xterm-addon-search-0.9.0-beta.6.tgz#8b016baac5580dc0ba93bb52610bc4f5776d3b17"
  integrity sha512-UAEzas4O+NrF7BSGf0C9N5ngAkmbtr/hSTFvLAM/Rw7EfLUatf8aLMqAWZTggRGMwDjuqR0GXJI4+e5QrJhQfw==

xterm-addon-unicode11@0.4.0-beta.1:
  version "0.4.0-beta.1"
  resolved "https://registry.yarnpkg.com/xterm-addon-unicode11/-/xterm-addon-unicode11-0.4.0-beta.1.tgz#aeefd26e87bad15d8dfd8a1e0b804fe408c9b882"
  integrity sha512-pG8mpxnqpYDry0e20vuEFKhd4kKIcLLNwdNftNvfo+R/EjYRnTYnF+H8L+7eQHq6hqDH61xCEP4H4qR2CyT4pg==

xterm-addon-webgl@0.12.0-beta.19:
  version "0.12.0-beta.19"
  resolved "https://registry.yarnpkg.com/xterm-addon-webgl/-/xterm-addon-webgl-0.12.0-beta.19.tgz#b3dcaff6a37d77dacce5c1ad3481d22326b15160"
  integrity sha512-eJ4+SYsZ1ooeluS1GaJbctiPCMlHTEaUPzFSKuWx7PLO6ryHAqqzfjE/8GQvMRN/ec72aABmbHB1TWRKrGrA3A==

xterm@4.16.0-beta.8:
  version "4.16.0-beta.8"
  resolved "https://registry.yarnpkg.com/xterm/-/xterm-4.16.0-beta.8.tgz#ff55015fa568e5a66e12f9dfa511a633b944e438"
  integrity sha512-PNXTQt8s6aXX5TUmZJkC2sOxFCYgjU3QgUjze/j/WAB5kBVZtFFxADb9ATZbhbogXzkgD0TRgcl3Rk3rCxJSuQ==
