# THIS IS AN AUTOGENERATED FILE. DO NOT EDIT THIS FILE DIRECTLY.
# yarn lockfile v1


"@microsoft/1ds-core-js@4.3.2", "@microsoft/1ds-core-js@^4.3.0":
  version "4.3.2"
  resolved "https://registry.yarnpkg.com/@microsoft/1ds-core-js/-/1ds-core-js-4.3.2.tgz#e10b2871fefde968dadabf2d935be1f9cc622363"
  integrity sha512-keD1cy6eH6STo9hvDiN1vSqbv+GM/qsgqaZ2p4j9OZJLBEE6vGRdRlnpB6lpkhGQ+cE9vP74aYNQt2/9fODqOQ==
  dependencies:
    "@microsoft/applicationinsights-core-js" "3.3.2"
    "@microsoft/applicationinsights-shims" "3.0.1"
    "@microsoft/dynamicproto-js" "^2.0.3"
    "@nevware21/ts-async" ">= 0.5.2 < 2.x"
    "@nevware21/ts-utils" ">= 0.11.3 < 2.x"

"@microsoft/1ds-post-js@^4.3.0":
  version "4.3.2"
  resolved "https://registry.yarnpkg.com/@microsoft/1ds-post-js/-/1ds-post-js-4.3.2.tgz#30b012ab36b2af91ae7ad6f02b112aebba49a7de"
  integrity sha512-Mj6nGfYotM4y8YzBzNj1GMoOBv2szF2SmpWZLRUWdqO1ij2kuxLvtRYdQkJxwwrXbhrTtSzbZTcP1wZdJmlegQ==
  dependencies:
    "@microsoft/1ds-core-js" "4.3.2"
    "@microsoft/applicationinsights-shims" "3.0.1"
    "@microsoft/dynamicproto-js" "^2.0.3"
    "@nevware21/ts-async" ">= 0.5.2 < 2.x"
    "@nevware21/ts-utils" ">= 0.11.3 < 2.x"

"@microsoft/applicationinsights-channel-js@3.3.2":
  version "3.3.2"
  resolved "https://registry.yarnpkg.com/@microsoft/applicationinsights-channel-js/-/applicationinsights-channel-js-3.3.2.tgz#bd727aac21f9ccc21c8553028c11eb8e2e343cc7"
  integrity sha512-ic1oCQgGzitCLMYMHOgGuQvqd8G81s8R7ynI0NBgXc7pkzGiatCkLGx2lDiIYTYWV+Cd/3+cJwPB+3N8/yTGew==
  dependencies:
    "@microsoft/applicationinsights-common" "3.3.2"
    "@microsoft/applicationinsights-core-js" "3.3.2"
    "@microsoft/applicationinsights-shims" "3.0.1"
    "@microsoft/dynamicproto-js" "^2.0.3"
    "@nevware21/ts-async" ">= 0.5.2 < 2.x"
    "@nevware21/ts-utils" ">= 0.11.3 < 2.x"

"@microsoft/applicationinsights-common@3.3.2":
  version "3.3.2"
  resolved "https://registry.yarnpkg.com/@microsoft/applicationinsights-common/-/applicationinsights-common-3.3.2.tgz#63b8badeb5acab08b1ba00515deb9ddf04e4b010"
  integrity sha512-RR6LpIC9JLQGTcgUaAXhuIZW69W00T6sF7GC6LvLy5PRjvg4m3MqflpQfNHt7yGy72ZHFG/TpLH5zJIghrNRew==
  dependencies:
    "@microsoft/applicationinsights-core-js" "3.3.2"
    "@microsoft/applicationinsights-shims" "3.0.1"
    "@microsoft/dynamicproto-js" "^2.0.3"
    "@nevware21/ts-utils" ">= 0.11.3 < 2.x"

"@microsoft/applicationinsights-core-js@3.3.2":
  version "3.3.2"
  resolved "https://registry.yarnpkg.com/@microsoft/applicationinsights-core-js/-/applicationinsights-core-js-3.3.2.tgz#74ade83946164cb0006b8eddcbb2301c4ce069d4"
  integrity sha512-Jo3Mkl6zPswjS90SBbe+TxAOjQqHbwpD00VPca1ZeICc+31dbVNIBgkK42G0DbMB/ml1kqwkFV2/kpAH8QJCrw==
  dependencies:
    "@microsoft/applicationinsights-shims" "3.0.1"
    "@microsoft/dynamicproto-js" "^2.0.3"
    "@nevware21/ts-async" ">= 0.5.2 < 2.x"
    "@nevware21/ts-utils" ">= 0.11.3 < 2.x"

"@microsoft/applicationinsights-shims@3.0.1":
  version "3.0.1"
  resolved "https://registry.yarnpkg.com/@microsoft/applicationinsights-shims/-/applicationinsights-shims-3.0.1.tgz#3865b73ace8405b9c4618cc5c571f2fe3876f06f"
  integrity sha512-DKwboF47H1nb33rSUfjqI6ryX29v+2QWcTrRvcQDA32AZr5Ilkr7whOOSsD1aBzwqX0RJEIP1Z81jfE3NBm/Lg==
  dependencies:
    "@nevware21/ts-utils" ">= 0.9.4 < 2.x"

"@microsoft/applicationinsights-web-basic@^3.3.0":
  version "3.3.2"
  resolved "https://registry.yarnpkg.com/@microsoft/applicationinsights-web-basic/-/applicationinsights-web-basic-3.3.2.tgz#eed470ad6c4f257c2bc8ef95dbf47f7508ab361d"
  integrity sha512-t1NPoE8DrBiNJOUtPfH81AO1wRpdlWu/sqFTFlTINCNbJuoTGNkqobPDGWCZezbqdGoe2xESe3fmJZd+faQ+pg==
  dependencies:
    "@microsoft/applicationinsights-channel-js" "3.3.2"
    "@microsoft/applicationinsights-common" "3.3.2"
    "@microsoft/applicationinsights-core-js" "3.3.2"
    "@microsoft/applicationinsights-shims" "3.0.1"
    "@microsoft/dynamicproto-js" "^2.0.3"
    "@nevware21/ts-async" ">= 0.5.2 < 2.x"
    "@nevware21/ts-utils" ">= 0.11.3 < 2.x"

"@microsoft/dynamicproto-js@^2.0.3":
  version "2.0.3"
  resolved "https://registry.yarnpkg.com/@microsoft/dynamicproto-js/-/dynamicproto-js-2.0.3.tgz#ae2b408061e3ff01a97078429fc768331e239256"
  integrity sha512-JTWTU80rMy3mdxOjjpaiDQsTLZ6YSGGqsjURsY6AUQtIj0udlF/jYmhdLZu8693ZIC0T1IwYnFa0+QeiMnziBA==
  dependencies:
    "@nevware21/ts-utils" ">= 0.10.4 < 2.x"

"@nevware21/ts-async@>= 0.5.2 < 2.x":
  version "0.5.2"
  resolved "https://registry.yarnpkg.com/@nevware21/ts-async/-/ts-async-0.5.2.tgz#a41883dc6ccc4666bdf156e92f35f3003fd3f6f0"
  integrity sha512-Zf2vUNjCw2vJsiVKhWXA9hCNHsn59AOSGa5jGP4tWrp/vTH9XrI4eG/65khuoAgrS83migj0Xv5/j6fUAz69Zw==
  dependencies:
    "@nevware21/ts-utils" ">= 0.11.3 < 2.x"

"@nevware21/ts-utils@>= 0.10.4 < 2.x", "@nevware21/ts-utils@>= 0.11.3 < 2.x":
  version "0.11.3"
  resolved "https://registry.yarnpkg.com/@nevware21/ts-utils/-/ts-utils-0.11.3.tgz#d0f032ade9540585a30a6453d962de613566d856"
  integrity sha512-oipW+tyKN68bREjoESYAzOZiatM+1LF+ez1TX3BaeinhCkI18xsLgmpH9tvwHaVgKf1Tsth25sdbXVtYmgRYvQ==

"@nevware21/ts-utils@>= 0.9.4 < 2.x":
  version "0.10.1"
  resolved "https://registry.yarnpkg.com/@nevware21/ts-utils/-/ts-utils-0.10.1.tgz#aa65abc71eba06749a396598f22263d26f796ac7"
  integrity sha512-pMny25NnF2/MJwdqC3Iyjm2pGIXNxni4AROpcqDeWa+td9JMUY4bUS9uU9XW+BoBRqTLUL+WURF9SOd/6OQzRg==

"@types/node@18.x":
  version "18.17.11"
  resolved "https://registry.yarnpkg.com/@types/node/-/node-18.17.11.tgz#c04054659d88bfeba94095f41ef99a8ddf4e1813"
  integrity sha512-r3hjHPBu+3LzbGBa8DHnr/KAeTEEOrahkcL+cZc4MaBMTM+mk8LtXR+zw+nqfjuDZZzYTYgTcpHuP+BEQk069g==

"@types/semver@^5.5.0":
  version "5.5.0"
  resolved "https://registry.yarnpkg.com/@types/semver/-/semver-5.5.0.tgz#146c2a29ee7d3bae4bf2fcb274636e264c813c45"
  integrity sha512-41qEJgBH/TWgo5NFSvBCJ1qkoi3Q6ONSF2avrHq1LVEZfYpdHmj0y9SuTK+u9ZhG1sYQKBL1AWXKyLWP4RaUoQ==

"@vscode/extension-telemetry@^0.9.7":
  version "0.9.7"
  resolved "https://registry.yarnpkg.com/@vscode/extension-telemetry/-/extension-telemetry-0.9.7.tgz#386e08c1f98350bd5a368ccf279a501a0cd6dd67"
  integrity sha512-2GQbcfDUTg0QC1v0HefkHNwYrE5LYKzS3Zb0+uA6Qn1MBDzgiSh23ddOZF/JRqhqBFOG0mE70XslKSGQ5v9KwQ==
  dependencies:
    "@microsoft/1ds-core-js" "^4.3.0"
    "@microsoft/1ds-post-js" "^4.3.0"
    "@microsoft/applicationinsights-web-basic" "^3.3.0"

"@vscode/sync-api-client@^0.8.1":
  version "0.8.1"
  resolved "https://registry.yarnpkg.com/@vscode/sync-api-client/-/sync-api-client-0.8.1.tgz#43acbf1c84e5e20301f5d320ceaa6427fd018f57"
  integrity sha512-82NRZpZlvRtlFoqi/J8xGw964F8ZfJJeJu2D9QMAAzq8BMDCXqkhO2qHApnyEV4gG2mQSaHtfw0f30GOPExgUg==
  dependencies:
    "@vscode/sync-api-common" "0.8.1"
    vscode-uri "^3.0.6"

"@vscode/sync-api-common@0.8.1", "@vscode/sync-api-common@^0.8.1":
  version "0.8.1"
  resolved "https://registry.yarnpkg.com/@vscode/sync-api-common/-/sync-api-common-0.8.1.tgz#3a74b5ee2c89e913bc1d5d8149d5f585fb60b3b7"
  integrity sha512-XfanQNxkUlCpAsQ2+1SzNEdoY7jtcu48jYBR0n864ZWAWrH7m2QBK32YoNlrDN2V0eh8tdF0WH1NuHOm3Y021A==

"@vscode/sync-api-service@^0.8.1":
  version "0.8.1"
  resolved "https://registry.yarnpkg.com/@vscode/sync-api-service/-/sync-api-service-0.8.1.tgz#4cd9d1266cfc7f787488ade27c0e869850e25427"
  integrity sha512-W9mWVJcnxqqmGIgYKwddMuBsCFff+nxkA67nGlnRGUjpu6Mb+CoYaYLwFriq2c74zpRyMsON7Nfhh5zlFvTAeg==
  dependencies:
    "@vscode/sync-api-common" "0.8.1"
    uuid "^9.0.0"
    vscode-uri "^3.0.6"

"@vscode/ts-package-manager@^0.0.2":
  version "0.0.2"
  resolved "https://registry.yarnpkg.com/@vscode/ts-package-manager/-/ts-package-manager-0.0.2.tgz#d1cade5ff0d01da8c5b5b00bf79d80e7156771cf"
  integrity sha512-cXPxGbPVTkEQI8mUiWYUwB6j3ga6M9i7yubUOCrjgZ01GeZPMSnaWRprfJ09uuy81wJjY2gfHgLsOgwrGvUBTw==

jsonc-parser@^3.3.1:
  version "3.3.1"
  resolved "https://registry.yarnpkg.com/jsonc-parser/-/jsonc-parser-3.3.1.tgz#f2a524b4f7fd11e3d791e559977ad60b98b798b4"
  integrity sha512-HUgH65KyejrUFPvHFPbqOY0rsFip3Bo5wb4ngvdi1EpCYWUQDC5V+Y7mZws+DLkr4M//zQJoanu1SP+87Dv1oQ==

semver@7.6.3:
  version "7.6.3"
  resolved "https://registry.yarnpkg.com/semver/-/semver-7.6.3.tgz#980f7b5550bc175fb4dc09403085627f9eb33143"
  integrity sha512-oVekP1cKtI+CTDvHWYFUcMtsK/00wmAEfyqKfNdARm8u1wNVhSgaX7A8d4UuIlUI5e84iEwOhs7ZPYRmzU9U6A==

tas-client@0.2.33:
  version "0.2.33"
  resolved "https://registry.yarnpkg.com/tas-client/-/tas-client-0.2.33.tgz#451bf114a8a64748030ce4068ab7d079958402e6"
  integrity sha512-V+uqV66BOQnWxvI6HjDnE4VkInmYZUQ4dgB7gzaDyFyFSK1i1nF/j7DpS9UbQAgV9NaF1XpcyuavnM1qOeiEIg==

uuid@^9.0.0:
  version "9.0.1"
  resolved "https://registry.yarnpkg.com/uuid/-/uuid-9.0.1.tgz#e188d4c8853cc722220392c424cd637f32293f30"
  integrity sha512-b+1eJOlsR9K8HJpow9Ok3fiWOWSIcIzXodvv0rQjVoOVNpWMpxf1wZNpt4y9h10odCNrqnYp1OBzRktckBe3sA==

vscode-tas-client@^0.1.84:
  version "0.1.84"
  resolved "https://registry.yarnpkg.com/vscode-tas-client/-/vscode-tas-client-0.1.84.tgz#906bdcfd8c9e1dc04321d6bc0335184f9119968e"
  integrity sha512-rUTrUopV+70hvx1hW5ebdw1nd6djxubkLvVxjGdyD/r5v/wcVF41LIfiAtbm5qLZDtQdsMH1IaCuDoluoIa88w==
  dependencies:
    tas-client "0.2.33"

vscode-uri@^3.0.6, vscode-uri@^3.0.8:
  version "3.0.8"
  resolved "https://registry.yarnpkg.com/vscode-uri/-/vscode-uri-3.0.8.tgz#1770938d3e72588659a172d0fd4642780083ff9f"
  integrity sha512-AyFQ0EVmsOZOlAnxoFOGOq1SQDWAB7C6aqMGS23svWAllfOaxbuFvcT8D1i8z3Gyn8fraVeZNNmN6e9bxxXkKw==
