# THIS IS AN AUTOGENERATED FILE. DO NOT EDIT THIS FILE DIRECTLY.
# yarn lockfile v1


"@azure/ms-rest-azure-env@^2.0.0":
  version "2.0.0"
  resolved "https://registry.yarnpkg.com/@azure/ms-rest-azure-env/-/ms-rest-azure-env-2.0.0.tgz#45809f89763a480924e21d3c620cd40866771625"
  integrity sha512-dG76W7ElfLi+fbTjnZVGj+M9e0BIEJmRxU6fHaUQ12bZBe8EJKYb2GV50YWNaP2uJiVQ5+7nXEVj1VN1UQtaEw==

"@microsoft/1ds-core-js@4.1.2", "@microsoft/1ds-core-js@^4.1.2":
  version "4.1.2"
  resolved "https://registry.yarnpkg.com/@microsoft/1ds-core-js/-/1ds-core-js-4.1.2.tgz#2c47d39d0c4205677bcc54247b64311b58b13db8"
  integrity sha512-m1MeUdPtDqq4D7qmirMBgiHQNQs8wkUoTxA44RTtki6kup8cF1c4WYXsxvHJ8R4C/wbm+HRM9PxBqI5JH3d58Q==
  dependencies:
    "@microsoft/applicationinsights-core-js" "3.1.2"
    "@microsoft/applicationinsights-shims" "3.0.1"
    "@microsoft/dynamicproto-js" "^2.0.3"
    "@nevware21/ts-async" ">= 0.3.0 < 2.x"
    "@nevware21/ts-utils" ">= 0.11.0 < 2.x"

"@microsoft/1ds-post-js@^4.1.2":
  version "4.1.2"
  resolved "https://registry.yarnpkg.com/@microsoft/1ds-post-js/-/1ds-post-js-4.1.2.tgz#850b69ccf2b61c50817dd628f44ff1c21618aca8"
  integrity sha512-rfuILnEZqXtZaPQf+WRF/zYZ6V0Dxh0W9lWiVM9aY2Enuh8fEvbjeeXGk0n/jGXeko/bLXevmOaMrZw9x1pIVw==
  dependencies:
    "@microsoft/1ds-core-js" "4.1.2"
    "@microsoft/applicationinsights-shims" "3.0.1"
    "@microsoft/dynamicproto-js" "^2.0.3"
    "@nevware21/ts-async" ">= 0.3.0 < 2.x"
    "@nevware21/ts-utils" ">= 0.11.0 < 2.x"

"@microsoft/applicationinsights-channel-js@3.1.2":
  version "3.1.2"
  resolved "https://registry.yarnpkg.com/@microsoft/applicationinsights-channel-js/-/applicationinsights-channel-js-3.1.2.tgz#683d4f9cfa0ea317eb53d26095a519a26d3d2086"
  integrity sha512-QyPxpOOhtohFzcl4tzfWp4seN6JaToF66DZ1qjsYkUmEyHAackWSsv9m7qvuaAcCB9WrUzW9y0mRXgGKsEJcAg==
  dependencies:
    "@microsoft/applicationinsights-common" "3.1.2"
    "@microsoft/applicationinsights-core-js" "3.1.2"
    "@microsoft/applicationinsights-shims" "3.0.1"
    "@microsoft/dynamicproto-js" "^2.0.3"
    "@nevware21/ts-async" ">= 0.3.0 < 2.x"
    "@nevware21/ts-utils" ">= 0.11.0 < 2.x"

"@microsoft/applicationinsights-common@3.1.2":
  version "3.1.2"
  resolved "https://registry.yarnpkg.com/@microsoft/applicationinsights-common/-/applicationinsights-common-3.1.2.tgz#c03ae5bbbac2daff5aae1f7ae86514f958fcef7e"
  integrity sha512-ivu3s73xt6Owakepnx2mbrMCry1mVHrA/2TL4nKCRLad6O3IBK3MkruMoeb3hoWpECBhErFRVj+/b0Kh7dl/Lw==
  dependencies:
    "@microsoft/applicationinsights-core-js" "3.1.2"
    "@microsoft/applicationinsights-shims" "3.0.1"
    "@microsoft/dynamicproto-js" "^2.0.3"
    "@nevware21/ts-utils" ">= 0.11.0 < 2.x"

"@microsoft/applicationinsights-core-js@3.1.2":
  version "3.1.2"
  resolved "https://registry.yarnpkg.com/@microsoft/applicationinsights-core-js/-/applicationinsights-core-js-3.1.2.tgz#8567008bc14f0c61f8fa01642087f3a1c2ae88d3"
  integrity sha512-xsJAm52tV355S/MogTunV/m1wg6P6tFg9Yhi4AC2OE9p2aa0k/FYHzWmrCrsEAVimCd8n/iTXmMRSrQk5QpxiA==
  dependencies:
    "@microsoft/applicationinsights-shims" "3.0.1"
    "@microsoft/dynamicproto-js" "^2.0.3"
    "@nevware21/ts-async" ">= 0.3.0 < 2.x"
    "@nevware21/ts-utils" ">= 0.11.0 < 2.x"

"@microsoft/applicationinsights-shims@3.0.1":
  version "3.0.1"
  resolved "https://registry.yarnpkg.com/@microsoft/applicationinsights-shims/-/applicationinsights-shims-3.0.1.tgz#3865b73ace8405b9c4618cc5c571f2fe3876f06f"
  integrity sha512-DKwboF47H1nb33rSUfjqI6ryX29v+2QWcTrRvcQDA32AZr5Ilkr7whOOSsD1aBzwqX0RJEIP1Z81jfE3NBm/Lg==
  dependencies:
    "@nevware21/ts-utils" ">= 0.9.4 < 2.x"

"@microsoft/applicationinsights-web-basic@^3.1.2":
  version "3.1.2"
  resolved "https://registry.yarnpkg.com/@microsoft/applicationinsights-web-basic/-/applicationinsights-web-basic-3.1.2.tgz#39a4440e20c9108d21c05f9832cd6929921d5ed4"
  integrity sha512-NUnAk/ML9ClnmiQQRo3Fq2obzJVZAfGTgkQOwobZMvNhBVK5IPuv/ROEEAVbl02Go9AjV5uCZ+QoRhTfWrIumQ==
  dependencies:
    "@microsoft/applicationinsights-channel-js" "3.1.2"
    "@microsoft/applicationinsights-common" "3.1.2"
    "@microsoft/applicationinsights-core-js" "3.1.2"
    "@microsoft/applicationinsights-shims" "3.0.1"
    "@microsoft/dynamicproto-js" "^2.0.3"
    "@nevware21/ts-async" ">= 0.3.0 < 2.x"
    "@nevware21/ts-utils" ">= 0.11.0 < 2.x"

"@microsoft/dynamicproto-js@^2.0.3":
  version "2.0.3"
  resolved "https://registry.yarnpkg.com/@microsoft/dynamicproto-js/-/dynamicproto-js-2.0.3.tgz#ae2b408061e3ff01a97078429fc768331e239256"
  integrity sha512-JTWTU80rMy3mdxOjjpaiDQsTLZ6YSGGqsjURsY6AUQtIj0udlF/jYmhdLZu8693ZIC0T1IwYnFa0+QeiMnziBA==
  dependencies:
    "@nevware21/ts-utils" ">= 0.10.4 < 2.x"

"@nevware21/ts-async@>= 0.3.0 < 2.x":
  version "0.3.0"
  resolved "https://registry.yarnpkg.com/@nevware21/ts-async/-/ts-async-0.3.0.tgz#a8b97ba01065fc930de9a3f4dd4a05e862becc6c"
  integrity sha512-ZUcgUH12LN/F6nzN0cYd0F/rJaMLmXr0EHVTyYfaYmK55bdwE4338uue4UiVoRqHVqNW4KDUrJc49iGogHKeWA==
  dependencies:
    "@nevware21/ts-utils" ">= 0.10.0 < 2.x"

"@nevware21/ts-utils@>= 0.10.0 < 2.x", "@nevware21/ts-utils@>= 0.9.4 < 2.x":
  version "0.10.1"
  resolved "https://registry.yarnpkg.com/@nevware21/ts-utils/-/ts-utils-0.10.1.tgz#aa65abc71eba06749a396598f22263d26f796ac7"
  integrity sha512-pMny25NnF2/MJwdqC3Iyjm2pGIXNxni4AROpcqDeWa+td9JMUY4bUS9uU9XW+BoBRqTLUL+WURF9SOd/6OQzRg==

"@nevware21/ts-utils@>= 0.10.4 < 2.x", "@nevware21/ts-utils@>= 0.11.0 < 2.x":
  version "0.11.2"
  resolved "https://registry.yarnpkg.com/@nevware21/ts-utils/-/ts-utils-0.11.2.tgz#5836f338c091f47358298da1f77a67a88219a6a5"
  integrity sha512-80W8BkS09kkGuUHJX50Fqq+QqAslxUaOQytH+3JhRacXs1EpEt2JOOkYKytqFZAYir3SeH9fahniEaDzIBxlUw==

"@types/node-fetch@^2.5.7":
  version "2.5.7"
  resolved "https://registry.yarnpkg.com/@types/node-fetch/-/node-fetch-2.5.7.tgz#20a2afffa882ab04d44ca786449a276f9f6bbf3c"
  integrity sha512-o2WVNf5UhWRkxlf6eq+jMZDu7kjgpgJfl4xVNlvryc95O/6F2ld8ztKX+qu+Rjyet93WAWm5LjeX9H5FGkODvw==
  dependencies:
    "@types/node" "*"
    form-data "^3.0.0"

"@types/node@*":
  version "14.0.23"
  resolved "https://registry.yarnpkg.com/@types/node/-/node-14.0.23.tgz#676fa0883450ed9da0bb24156213636290892806"
  integrity sha512-Z4U8yDAl5TFkmYsZdFPdjeMa57NOvnaf1tljHzhouaPEp7LCj2JKkejpI1ODviIAQuW4CcQmxkQ77rnLsOOoKw==

"@types/node@18.x":
  version "18.15.13"
  resolved "https://registry.yarnpkg.com/@types/node/-/node-18.15.13.tgz#f64277c341150c979e42b00e4ac289290c9df469"
  integrity sha512-N+0kuo9KgrUQ1Sn/ifDXsvg0TTleP7rIy4zOBGECxAljqvqfqpTfzx0Q1NUedOixRMBfe2Whhb056a42cWs26Q==

"@types/randombytes@^2.0.0":
  version "2.0.0"
  resolved "https://registry.yarnpkg.com/@types/randombytes/-/randombytes-2.0.0.tgz#0087ff5e60ae68023b9bc4398b406fea7ad18304"
  integrity sha512-bz8PhAVlwN72vqefzxa14DKNT8jK/mV66CSjwdVQM/k3Th3EPKfUtdMniwZgMedQTFuywAsfjnZsg+pEnltaMA==
  dependencies:
    "@types/node" "*"

"@types/sha.js@^2.4.0":
  version "2.4.0"
  resolved "https://registry.yarnpkg.com/@types/sha.js/-/sha.js-2.4.0.tgz#bce682ef860b40f419d024fa08600c3b8d24bb01"
  integrity sha512-amxKgPy6WJTKuw8mpUwjX2BSxuBtBmZfRwIUDIuPJKNwGN8CWDli8JTg5ONTWOtcTkHIstvT7oAhhYXqEjStHQ==
  dependencies:
    "@types/node" "*"

"@types/uuid@8.0.0":
  version "8.0.0"
  resolved "https://registry.yarnpkg.com/@types/uuid/-/uuid-8.0.0.tgz#165aae4819ad2174a17476dbe66feebd549556c0"
  integrity sha512-xSQfNcvOiE5f9dyd4Kzxbof1aTrLobL278pGLKOZI6esGfZ7ts9Ka16CzIN6Y8hFHE1C7jIBZokULhK1bOgjRw==

"@vscode/extension-telemetry@^0.9.6":
  version "0.9.6"
  resolved "https://registry.yarnpkg.com/@vscode/extension-telemetry/-/extension-telemetry-0.9.6.tgz#97041986ddae1ae80d3dec577e4ae107e8122f3f"
  integrity sha512-qWK2GNw+b69QRYpjuNM9g3JKToMICoNIdc0rQMtvb4gIG9vKKCZCVCz+ZOx6XM/YlfWAyuPiyxcjIY0xyF+Djg==
  dependencies:
    "@microsoft/1ds-core-js" "^4.1.2"
    "@microsoft/1ds-post-js" "^4.1.2"
    "@microsoft/applicationinsights-web-basic" "^3.1.2"

asynckit@^0.4.0:
  version "0.4.0"
  resolved "https://registry.yarnpkg.com/asynckit/-/asynckit-0.4.0.tgz#c79ed97f7f34cb8f2ba1bc9790bcc366474b4b79"
  integrity sha1-x57Zf380y48robyXkLzDZkdLS3k=

combined-stream@^1.0.8:
  version "1.0.8"
  resolved "https://registry.yarnpkg.com/combined-stream/-/combined-stream-1.0.8.tgz#c3d45a8b34fd730631a110a8a2520682b31d5a7f"
  integrity sha512-FQN4MRfuJeHf7cBbBMJFXhKSDq+2kAArBlmRBvcvFE5BB1HZKXtSFASDhdlz9zOYwxh8lDdnvmMOe/+5cdoEdg==
  dependencies:
    delayed-stream "~1.0.0"

delayed-stream@~1.0.0:
  version "1.0.0"
  resolved "https://registry.yarnpkg.com/delayed-stream/-/delayed-stream-1.0.0.tgz#df3ae199acadfb7d440aaae0b29e2272b24ec619"
  integrity sha1-3zrhmayt+31ECqrgsp4icrJOxhk=

form-data@^3.0.0:
  version "3.0.0"
  resolved "https://registry.yarnpkg.com/form-data/-/form-data-3.0.0.tgz#31b7e39c85f1355b7139ee0c647cf0de7f83c682"
  integrity sha512-CKMFDglpbMi6PyN+brwB9Q/GOw0eAnsrEZDgcsH5Krhz5Od/haKHAX0NmQfha2zPPz0JpWzA7GJHGSnvCRLWsg==
  dependencies:
    asynckit "^0.4.0"
    combined-stream "^1.0.8"
    mime-types "^2.1.12"

mime-db@1.44.0:
  version "1.44.0"
  resolved "https://registry.yarnpkg.com/mime-db/-/mime-db-1.44.0.tgz#fa11c5eb0aca1334b4233cb4d52f10c5a6272f92"
  integrity sha512-/NOTfLrsPBVeH7YtFPgsVWveuL+4SjjYxaQ1xtM1KMFj7HdxlBlxeyNLzhyJVx7r4rZGJAZ/6lkKCitSc/Nmpg==

mime-types@^2.1.12:
  version "2.1.27"
  resolved "https://registry.yarnpkg.com/mime-types/-/mime-types-2.1.27.tgz#47949f98e279ea53119f5722e0f34e529bec009f"
  integrity sha512-JIhqnCasI9yD+SsmkquHBxTSEuZdQX5BuQnS2Vc7puQQQ+8yiP5AY5uWhpdv4YL4VM5c6iliiYWPgJ/nJQLp7w==
  dependencies:
    mime-db "1.44.0"

node-fetch@2.6.7:
  version "2.6.7"
  resolved "https://registry.yarnpkg.com/node-fetch/-/node-fetch-2.6.7.tgz#24de9fba827e3b4ae44dc8b20256a379160052ad"
  integrity sha512-ZjMPFEfVx5j+y2yF35Kzx5sF7kDzxuDj6ziH4FFbOp87zKDZNx8yExJIb05OGF4Nlt9IHFIMBkRl41VdvcNdbQ==
  dependencies:
    whatwg-url "^5.0.0"

tr46@~0.0.3:
  version "0.0.3"
  resolved "https://registry.yarnpkg.com/tr46/-/tr46-0.0.3.tgz#8184fd347dac9cdc185992f3a6622e14b9d9ab6a"
  integrity sha1-gYT9NH2snNwYWZLzpmIuFLnZq2o=

webidl-conversions@^3.0.0:
  version "3.0.1"
  resolved "https://registry.yarnpkg.com/webidl-conversions/-/webidl-conversions-3.0.1.tgz#24534275e2a7bc6be7bc86611cc16ae0a5654871"
  integrity sha1-JFNCdeKnvGvnvIZhHMFq4KVlSHE=

whatwg-url@^5.0.0:
  version "5.0.0"
  resolved "https://registry.yarnpkg.com/whatwg-url/-/whatwg-url-5.0.0.tgz#966454e8765462e37644d3626f6742ce8b70965d"
  integrity sha1-lmRU6HZUYuN2RNNib2dCzotwll0=
  dependencies:
    tr46 "~0.0.3"
    webidl-conversions "^3.0.0"
