# THIS IS AN AUTOGENERATED FILE. DO NOT EDIT THIS FILE DIRECTLY.
# yarn lockfile v1


"@types/node@7.0.43":
  version "7.0.43"
  resolved "https://registry.yarnpkg.com/@types/node/-/node-7.0.43.tgz#a187e08495a075f200ca946079c914e1a5fe962c"

jsonc-parser@^1.0.0:
  version "1.0.0"
  resolved "https://registry.yarnpkg.com/jsonc-parser/-/jsonc-parser-1.0.0.tgz#ddcc864ae708e60a7a6dd36daea00172fa8d9272"

request-light@^0.5.4:
  version "0.5.5"
  resolved "https://registry.yarnpkg.com/request-light/-/request-light-0.5.5.tgz#254ab0b38a1db2192170b599b05181934e14932b"
  integrity sha512-AvjfJuhyT6dYfhtIBF+IpTPQco+Td1QJ6PsIJ5xui110vQ5p9HxHk+m1XJqXazLQT6CxxSx9eNv6R/+fu4bZig==

vscode-json-languageservice@^3.0.4:
  version "3.0.4"
  resolved "https://registry.yarnpkg.com/vscode-json-languageservice/-/vscode-json-languageservice-3.0.4.tgz#293970ef3179d7793ffd25887acf158d93ff8733"
  dependencies:
    jsonc-parser "^1.0.0"
    vscode-languageserver-types "^3.5.0"
    vscode-nls "^2.0.2"
    vscode-uri "^1.0.1"

vscode-jsonrpc@^3.5.0:
  version "3.5.0"
  resolved "https://registry.yarnpkg.com/vscode-jsonrpc/-/vscode-jsonrpc-3.5.0.tgz#87239d9e166b2d7352245b8a813597804c1d63aa"

vscode-languageserver-protocol@^3.5.0:
  version "3.5.0"
  resolved "https://registry.yarnpkg.com/vscode-languageserver-protocol/-/vscode-languageserver-protocol-3.5.0.tgz#067c5cbe27709795398d119692c97ebba1452209"
  dependencies:
    vscode-jsonrpc "^3.5.0"
    vscode-languageserver-types "^3.5.0"

vscode-languageserver-types@^3.5.0:
  version "3.5.0"
  resolved "https://registry.yarnpkg.com/vscode-languageserver-types/-/vscode-languageserver-types-3.5.0.tgz#e48d79962f0b8e02de955e3f524908e2b19c0374"

vscode-languageserver@^3.5.0:
  version "3.5.0"
  resolved "https://registry.yarnpkg.com/vscode-languageserver/-/vscode-languageserver-3.5.0.tgz#d28099bc6ddda8c1dd16b707e454e1b1ddae0dba"
  dependencies:
    vscode-languageserver-protocol "^3.5.0"
    vscode-uri "^1.0.1"

vscode-nls@^2.0.2:
  version "2.0.2"
  resolved "https://registry.yarnpkg.com/vscode-nls/-/vscode-nls-2.0.2.tgz#808522380844b8ad153499af5c3b03921aea02da"

vscode-nls@^3.1.2:
  version "3.1.2"
  resolved "https://registry.yarnpkg.com/vscode-nls/-/vscode-nls-3.1.2.tgz#c1b63f4338ac49c852267633dd99717916424a74"

vscode-uri@^1.0.1:
  version "1.0.1"
  resolved "https://registry.yarnpkg.com/vscode-uri/-/vscode-uri-1.0.1.tgz#11a86befeac3c4aa3ec08623651a3c81a6d0bbc8"
