# THIS IS AN AUTOGENERATED FILE. DO NOT EDIT THIS FILE DIRECTLY.
# yarn lockfile v1


"@types/node@8.0.33":
  version "8.0.33"
  resolved "https://registry.yarnpkg.com/@types/node/-/node-8.0.33.tgz#1126e94374014e54478092830704f6ea89df04cd"

"@types/semver@5.4.0":
  version "5.4.0"
  resolved "https://registry.yarnpkg.com/@types/semver/-/semver-5.4.0.tgz#f3658535af7f1f502acd6da7daf405ffeb1f7ee4"

semver@4.3.6:
  version "4.3.6"
  resolved "https://registry.yarnpkg.com/semver/-/semver-4.3.6.tgz#300bc6e0e86374f7ba61068b5b1ecd57fc6532da"

vscode-extension-telemetry@^0.4.3:
  version "0.4.3"
  resolved "https://registry.yarnpkg.com/vscode-extension-telemetry/-/vscode-extension-telemetry-0.4.3.tgz#ea389b3d14b65d4fd5a6cf3760b3155e930193f2"
  integrity sha512-opiIFOaAwyfACYMXByDqFMAlJ2iFMJR65/vIogJ960aLZWp9zaMdwY9CsY02EOYjHxPpjI7QeOQM3sYCb3xtJg==

vscode-nls@^3.1.2:
  version "3.1.2"
  resolved "https://registry.yarnpkg.com/vscode-nls/-/vscode-nls-3.1.2.tgz#c1b63f4338ac49c852267633dd99717916424a74"
