# THIS IS AN AUTOGENERATED FILE. DO NOT EDIT THIS FILE DIRECTLY.
# yarn lockfile v1


"@types/node@8.0.33":
  version "8.0.33"
  resolved "https://registry.yarnpkg.com/@types/node/-/node-8.0.33.tgz#1126e94374014e54478092830704f6ea89df04cd"

jsonc-parser@^1.0.0:
  version "1.0.0"
  resolved "https://registry.yarnpkg.com/jsonc-parser/-/jsonc-parser-1.0.0.tgz#ddcc864ae708e60a7a6dd36daea00172fa8d9272"

request-light@^0.5.4:
  version "0.5.5"
  resolved "https://registry.yarnpkg.com/request-light/-/request-light-0.5.5.tgz#254ab0b38a1db2192170b599b05181934e14932b"
  integrity sha512-AvjfJuhyT6dYfhtIBF+IpTPQco+Td1QJ6PsIJ5xui110vQ5p9HxHk+m1XJqXazLQT6CxxSx9eNv6R/+fu4bZig==

vscode-nls@^3.1.2:
  version "3.1.2"
  resolved "https://registry.yarnpkg.com/vscode-nls/-/vscode-nls-3.1.2.tgz#c1b63f4338ac49c852267633dd99717916424a74"
