# THIS IS AN AUTOGENERATED FILE. DO NOT EDIT THIS FILE DIRECTLY.
# yarn lockfile v1


"@types/node@8.0.33":
  version "8.0.33"
  resolved "https://registry.yarnpkg.com/@types/node/-/node-8.0.33.tgz#1126e94374014e54478092830704f6ea89df04cd"

jsonc-parser@^1.0.0:
  version "1.0.0"
  resolved "https://registry.yarnpkg.com/jsonc-parser/-/jsonc-parser-1.0.0.tgz#ddcc864ae708e60a7a6dd36daea00172fa8d9272"

request-light@^0.5.4:
  version "0.5.4"
  resolved "https://registry.yarnpkg.com/request-light/-/request-light-0.5.4.tgz#497a98c6d8ae49536417a5e2d7f383b934f3e38c"
  integrity sha512-t3566CMweOFlUk7Y1DJMu5OrtpoZEb6aSTsLQVT3wtrIEJ5NhcY9G/Oqxvjllzl4a15zXfFlcr9q40LbLVQJqw==

vscode-nls@^3.1.2:
  version "3.1.2"
  resolved "https://registry.yarnpkg.com/vscode-nls/-/vscode-nls-3.1.2.tgz#c1b63f4338ac49c852267633dd99717916424a74"
