# THIS IS AN AUTOGENERATED FILE. DO NOT EDIT THIS FILE DIRECTLY.
# yarn lockfile v1


"@microsoft/1ds-core-js@4.2.2", "@microsoft/1ds-core-js@^4.1.2":
  version "4.2.2"
  resolved "https://registry.yarnpkg.com/@microsoft/1ds-core-js/-/1ds-core-js-4.2.2.tgz#7681f6a369e391abb2d72a96c4a60721b124b2de"
  integrity sha512-4c1AXzOj7ZyX7/97v8fEDYcQ8ymTTmj+j9HYYlcO0/cUbDzZGA7/xzb34chvvAbV60qDEbX0Ha/ea7wzgefORg==
  dependencies:
    "@microsoft/applicationinsights-core-js" "3.2.2"
    "@microsoft/applicationinsights-shims" "3.0.1"
    "@microsoft/dynamicproto-js" "^2.0.3"
    "@nevware21/ts-async" ">= 0.5.1 < 2.x"
    "@nevware21/ts-utils" ">= 0.11.1 < 2.x"

"@microsoft/1ds-post-js@^4.1.2":
  version "4.2.2"
  resolved "https://registry.yarnpkg.com/@microsoft/1ds-post-js/-/1ds-post-js-4.2.2.tgz#8b5a96f9a8bbdc9fc92ee7da5152b205832f9804"
  integrity sha512-0k1aSxD03r3ugLaYhI8Y8AonI/whOzSQd66XBYURVTs6uheMMxDQdSnAk/4Dwn/TUK3TCEJZBIwZRVpUJtJX9w==
  dependencies:
    "@microsoft/1ds-core-js" "4.2.2"
    "@microsoft/applicationinsights-shims" "3.0.1"
    "@microsoft/dynamicproto-js" "^2.0.3"
    "@nevware21/ts-async" ">= 0.5.1 < 2.x"
    "@nevware21/ts-utils" ">= 0.11.1 < 2.x"

"@microsoft/applicationinsights-channel-js@3.2.2":
  version "3.2.2"
  resolved "https://registry.yarnpkg.com/@microsoft/applicationinsights-channel-js/-/applicationinsights-channel-js-3.2.2.tgz#68c58a2498158abc452ca153962547062b9c9cf7"
  integrity sha512-4ruoKxgZYYa+K8JJu8RMY0egKazS8xClbx70NQHa/rJ7JYFgN3OIEIBZtFoMcHR8Vg7MEsNE5/wV6o7WWJkVIA==
  dependencies:
    "@microsoft/applicationinsights-common" "3.2.2"
    "@microsoft/applicationinsights-core-js" "3.2.2"
    "@microsoft/applicationinsights-shims" "3.0.1"
    "@microsoft/dynamicproto-js" "^2.0.3"
    "@nevware21/ts-async" ">= 0.5.1 < 2.x"
    "@nevware21/ts-utils" ">= 0.11.1 < 2.x"

"@microsoft/applicationinsights-common@3.2.2":
  version "3.2.2"
  resolved "https://registry.yarnpkg.com/@microsoft/applicationinsights-common/-/applicationinsights-common-3.2.2.tgz#86c353256fbac7297b3ba07e7c9cd56d4ebecccd"
  integrity sha512-e1C35gdkFSzWyUUR1S8FvisXW3nT3p6wWsLNs+vUKLOTQzsvW3XpNMVtNCq4MfHWiYDuz1lPSzo2eENaij1fVA==
  dependencies:
    "@microsoft/applicationinsights-core-js" "3.2.2"
    "@microsoft/applicationinsights-shims" "3.0.1"
    "@microsoft/dynamicproto-js" "^2.0.3"
    "@nevware21/ts-utils" ">= 0.11.1 < 2.x"

"@microsoft/applicationinsights-core-js@3.2.2":
  version "3.2.2"
  resolved "https://registry.yarnpkg.com/@microsoft/applicationinsights-core-js/-/applicationinsights-core-js-3.2.2.tgz#28e22bb5d26a021160b65467efd5711fbd9f82bf"
  integrity sha512-dF6LZ4ahdhoHufw+N7OXRDzWT8QN193Dvpd8GLqEZdR/KtCTofPSI63yumu+ZkzKYadf1S3w2xg0OmbdyXexoQ==
  dependencies:
    "@microsoft/applicationinsights-shims" "3.0.1"
    "@microsoft/dynamicproto-js" "^2.0.3"
    "@nevware21/ts-async" ">= 0.5.1 < 2.x"
    "@nevware21/ts-utils" ">= 0.11.1 < 2.x"

"@microsoft/applicationinsights-shims@3.0.1":
  version "3.0.1"
  resolved "https://registry.yarnpkg.com/@microsoft/applicationinsights-shims/-/applicationinsights-shims-3.0.1.tgz#3865b73ace8405b9c4618cc5c571f2fe3876f06f"
  integrity sha512-DKwboF47H1nb33rSUfjqI6ryX29v+2QWcTrRvcQDA32AZr5Ilkr7whOOSsD1aBzwqX0RJEIP1Z81jfE3NBm/Lg==
  dependencies:
    "@nevware21/ts-utils" ">= 0.9.4 < 2.x"

"@microsoft/applicationinsights-web-basic@^3.1.2":
  version "3.2.2"
  resolved "https://registry.yarnpkg.com/@microsoft/applicationinsights-web-basic/-/applicationinsights-web-basic-3.2.2.tgz#d91bbf9002df4fac2ee543b481a0cbd58ed3975c"
  integrity sha512-4OdgTurRr/Awm2DcWuAhidFON2UFiirabeO9SSAeTefDCdtzv5fWzntq9zvdV47c+w6WzZkz8nX/bQTgNRb2+w==
  dependencies:
    "@microsoft/applicationinsights-channel-js" "3.2.2"
    "@microsoft/applicationinsights-common" "3.2.2"
    "@microsoft/applicationinsights-core-js" "3.2.2"
    "@microsoft/applicationinsights-shims" "3.0.1"
    "@microsoft/dynamicproto-js" "^2.0.3"
    "@nevware21/ts-async" ">= 0.5.1 < 2.x"
    "@nevware21/ts-utils" ">= 0.11.1 < 2.x"

"@microsoft/dynamicproto-js@^2.0.3":
  version "2.0.3"
  resolved "https://registry.yarnpkg.com/@microsoft/dynamicproto-js/-/dynamicproto-js-2.0.3.tgz#ae2b408061e3ff01a97078429fc768331e239256"
  integrity sha512-JTWTU80rMy3mdxOjjpaiDQsTLZ6YSGGqsjURsY6AUQtIj0udlF/jYmhdLZu8693ZIC0T1IwYnFa0+QeiMnziBA==
  dependencies:
    "@nevware21/ts-utils" ">= 0.10.4 < 2.x"

"@nevware21/ts-async@>= 0.5.1 < 2.x":
  version "0.5.1"
  resolved "https://registry.yarnpkg.com/@nevware21/ts-async/-/ts-async-0.5.1.tgz#3f55fa5222b0af5a5bb019f67092cdcd6a5f82e6"
  integrity sha512-O2kN8n2HpDWJ7Oji+oTMnhITrCndmrNvrHbGDwAIBydx+FWvLE/vrw4QwnRRMvSCa2AJrcP59Ryklxv30KfkWQ==
  dependencies:
    "@nevware21/ts-utils" ">= 0.11.2 < 2.x"

"@nevware21/ts-utils@>= 0.10.4 < 2.x", "@nevware21/ts-utils@>= 0.11.1 < 2.x", "@nevware21/ts-utils@>= 0.11.2 < 2.x":
  version "0.11.2"
  resolved "https://registry.yarnpkg.com/@nevware21/ts-utils/-/ts-utils-0.11.2.tgz#5836f338c091f47358298da1f77a67a88219a6a5"
  integrity sha512-80W8BkS09kkGuUHJX50Fqq+QqAslxUaOQytH+3JhRacXs1EpEt2JOOkYKytqFZAYir3SeH9fahniEaDzIBxlUw==

"@nevware21/ts-utils@>= 0.9.4 < 2.x":
  version "0.10.1"
  resolved "https://registry.yarnpkg.com/@nevware21/ts-utils/-/ts-utils-0.10.1.tgz#aa65abc71eba06749a396598f22263d26f796ac7"
  integrity sha512-pMny25NnF2/MJwdqC3Iyjm2pGIXNxni4AROpcqDeWa+td9JMUY4bUS9uU9XW+BoBRqTLUL+WURF9SOd/6OQzRg==

"@types/vscode-webview@^1.57.0":
  version "1.57.0"
  resolved "https://registry.yarnpkg.com/@types/vscode-webview/-/vscode-webview-1.57.0.tgz#bad5194d45ae8d03afc1c0f67f71ff5e7a243bbf"
  integrity sha512-x3Cb/SMa1IwRHfSvKaZDZOTh4cNoG505c3NjTqGlMC082m++x/ETUmtYniDsw6SSmYzZXO8KBNhYxR0+VqymqA==

"@vscode/extension-telemetry@^0.9.6":
  version "0.9.6"
  resolved "https://registry.yarnpkg.com/@vscode/extension-telemetry/-/extension-telemetry-0.9.6.tgz#97041986ddae1ae80d3dec577e4ae107e8122f3f"
  integrity sha512-qWK2GNw+b69QRYpjuNM9g3JKToMICoNIdc0rQMtvb4gIG9vKKCZCVCz+ZOx6XM/YlfWAyuPiyxcjIY0xyF+Djg==
  dependencies:
    "@microsoft/1ds-core-js" "^4.1.2"
    "@microsoft/1ds-post-js" "^4.1.2"
    "@microsoft/applicationinsights-web-basic" "^3.1.2"

vscode-codicons@^0.0.14:
  version "0.0.14"
  resolved "https://registry.yarnpkg.com/vscode-codicons/-/vscode-codicons-0.0.14.tgz#e0d05418e2e195564ff6f6a2199d70415911c18f"
  integrity sha512-6CEH5KT9ct5WMw7n5dlX7rB8ya4CUI2FSq1Wk36XaW+c5RglFtAanUV0T+gvZVVFhl/WxfjTvFHq06Hz9c1SLA==
